// !$*UTF8*$!
{
	archiveVersion = 1;
	classes = {
	};
	objectVersion = 46;
	objects = {

/* Begin PBXBuildFile section */
		75504EB91A64BEC4009FC6A9 /* main.m in Sources */ = {isa = PBXBuildFile; fileRef = 75504EB81A64BEC4009FC6A9 /* main.m */; };
		75504EBC1A64BEC4009FC6A9 /* AppDelegate.m in Sources */ = {isa = PBXBuildFile; fileRef = 75504EBB1A64BEC4009FC6A9 /* AppDelegate.m */; };
		75504EBF1A64BEC4009FC6A9 /* ViewController.m in Sources */ = {isa = PBXBuildFile; fileRef = 75504EBE1A64BEC4009FC6A9 /* ViewController.m */; };
		75504EC21A64BEC4009FC6A9 /* Main.storyboard in Resources */ = {isa = PBXBuildFile; fileRef = 75504EC01A64BEC4009FC6A9 /* Main.storyboard */; };
		75504EC41A64BEC4009FC6A9 /* Images.xcassets in Resources */ = {isa = PBXBuildFile; fileRef = 75504EC31A64BEC4009FC6A9 /* Images.xcassets */; };
		75504EC71A64BEC4009FC6A9 /* LaunchScreen.xib in Resources */ = {isa = PBXBuildFile; fileRef = 75504EC51A64BEC4009FC6A9 /* LaunchScreen.xib */; };
		75504ED31A64BEC4009FC6A9 /* travis_ci_ios_sampleTests.m in Sources */ = {isa = PBXBuildFile; fileRef = 75504ED21A64BEC4009FC6A9 /* travis_ci_ios_sampleTests.m */; };
/* End PBXBuildFile section */

/* Begin PBXContainerItemProxy section */
		75504ECD1A64BEC4009FC6A9 /* PBXContainerItemProxy */ = {
			isa = PBXContainerItemProxy;
			containerPortal = 75504EAB1A64BEC3009FC6A9 /* Project object */;
			proxyType = 1;
			remoteGlobalIDString = 75504EB21A64BEC4009FC6A9;
			remoteInfo = "travis-ci-ios-sample";
		};
/* End PBXContainerItemProxy section */

/* Begin PBXFileReference section */
		75504EB31A64BEC4009FC6A9 /* travis-ci-ios-sample.app */ = {isa = PBXFileReference; explicitFileType = wrapper.application; includeInIndex = 0; path = "travis-ci-ios-sample.app"; sourceTree = BUILT_PRODUCTS_DIR; };
		75504EB71A64BEC4009FC6A9 /* Info.plist */ = {isa = PBXFileReference; lastKnownFileType = text.plist.xml; path = Info.plist; sourceTree = "<group>"; };
		75504EB81A64BEC4009FC6A9 /* main.m */ = {isa = PBXFileReference; lastKnownFileType = sourcecode.c.objc; path = main.m; sourceTree = "<group>"; };
		75504EBA1A64BEC4009FC6A9 /* AppDelegate.h */ = {isa = PBXFileReference; lastKnownFileType = sourcecode.c.h; path = AppDelegate.h; sourceTree = "<group>"; };
		75504EBB1A64BEC4009FC6A9 /* AppDelegate.m */ = {isa = PBXFileReference; lastKnownFileType = sourcecode.c.objc; path = AppDelegate.m; sourceTree = "<group>"; };
		75504EBD1A64BEC4009FC6A9 /* ViewController.h */ = {isa = PBXFileReference; lastKnownFileType = sourcecode.c.h; path = ViewController.h; sourceTree = "<group>"; };
		75504EBE1A64BEC4009FC6A9 /* ViewController.m */ = {isa = PBXFileReference; lastKnownFileType = sourcecode.c.objc; path = ViewController.m; sourceTree = "<group>"; };
		75504EC11A64BEC4009FC6A9 /* Base */ = {isa = PBXFileReference; lastKnownFileType = file.storyboard; name = Base; path = Base.lproj/Main.storyboard; sourceTree = "<group>"; };
		75504EC31A64BEC4009FC6A9 /* Images.xcassets */ = {isa = PBXFileReference; lastKnownFileType = folder.assetcatalog; path = Images.xcassets; sourceTree = "<group>"; };
		75504EC61A64BEC4009FC6A9 /* Base */ = {isa = PBXFileReference; lastKnownFileType = file.xib; name = Base; path = Base.lproj/LaunchScreen.xib; sourceTree = "<group>"; };
		75504ECC1A64BEC4009FC6A9 /* travis-ci-ios-sampleTests.xctest */ = {isa = PBXFileReference; explicitFileType = wrapper.cfbundle; includeInIndex = 0; path = "travis-ci-ios-sampleTests.xctest"; sourceTree = BUILT_PRODUCTS_DIR; };
		75504ED11A64BEC4009FC6A9 /* Info.plist */ = {isa = PBXFileReference; lastKnownFileType = text.plist.xml; path = Info.plist; sourceTree = "<group>"; };
		75504ED21A64BEC4009FC6A9 /* travis_ci_ios_sampleTests.m */ = {isa = PBXFileReference; lastKnownFileType = sourcecode.c.objc; path = travis_ci_ios_sampleTests.m; sourceTree = "<group>"; };
/* End PBXFileReference section */

/* Begin PBXFrameworksBuildPhase section */
		75504EB01A64BEC4009FC6A9 /* Frameworks */ = {
			isa = PBXFrameworksBuildPhase;
			buildActionMask = 2147483647;
			files = (
			);
			runOnlyForDeploymentPostprocessing = 0;
		};
		75504EC91A64BEC4009FC6A9 /* Frameworks */ = {
			isa = PBXFrameworksBuildPhase;
			buildActionMask = 2147483647;
			files = (
			);
			runOnlyForDeploymentPostprocessing = 0;
		};
/* End PBXFrameworksBuildPhase section */

/* Begin PBXGroup section */
		75504EAA1A64BEC3009FC6A9 = {
			isa = PBXGroup;
			children = (
				75504EB51A64BEC4009FC6A9 /* travis-ci-ios-sample */,
				75504ECF1A64BEC4009FC6A9 /* travis-ci-ios-sampleTests */,
				75504EB41A64BEC4009FC6A9 /* Products */,
			);
			sourceTree = "<group>";
		};
		75504EB41A64BEC4009FC6A9 /* Products */ = {
			isa = PBXGroup;
			children = (
				75504EB31A64BEC4009FC6A9 /* travis-ci-ios-sample.app */,
				75504ECC1A64BEC4009FC6A9 /* travis-ci-ios-sampleTests.xctest */,
			);
			name = Products;
			sourceTree = "<group>";
		};
		75504EB51A64BEC4009FC6A9 /* travis-ci-ios-sample */ = {
			isa = PBXGroup;
			children = (
				75504EBA1A64BEC4009FC6A9 /* AppDelegate.h */,
				75504EBB1A64BEC4009FC6A9 /* AppDelegate.m */,
				75504EBD1A64BEC4009FC6A9 /* ViewController.h */,
				75504EBE1A64BEC4009FC6A9 /* ViewController.m */,
				75504EC01A64BEC4009FC6A9 /* Main.storyboard */,
				75504EC31A64BEC4009FC6A9 /* Images.xcassets */,
				75504EC51A64BEC4009FC6A9 /* LaunchScreen.xib */,
				75504EB61A64BEC4009FC6A9 /* Supporting Files */,
			);
			path = "travis-ci-ios-sample";
			sourceTree = "<group>";
		};
		75504EB61A64BEC4009FC6A9 /* Supporting Files */ = {
			isa = PBXGroup;
			children = (
				75504EB71A64BEC4009FC6A9 /* Info.plist */,
				75504EB81A64BEC4009FC6A9 /* main.m */,
			);
			name = "Supporting Files";
			sourceTree = "<group>";
		};
		75504ECF1A64BEC4009FC6A9 /* travis-ci-ios-sampleTests */ = {
			isa = PBXGroup;
			children = (
				75504ED21A64BEC4009FC6A9 /* travis_ci_ios_sampleTests.m */,
				75504ED01A64BEC4009FC6A9 /* Supporting Files */,
			);
			path = "travis-ci-ios-sampleTests";
			sourceTree = "<group>";
		};
		75504ED01A64BEC4009FC6A9 /* Supporting Files */ = {
			isa = PBXGroup;
			children = (
				75504ED11A64BEC4009FC6A9 /* Info.plist */,
			);
			name = "Supporting Files";
			sourceTree = "<group>";
		};
/* End PBXGroup section */

/* Begin PBXNativeTarget section */
		75504EB21A64BEC4009FC6A9 /* travis-ci-ios-sample */ = {
			isa = PBXNativeTarget;
			buildConfigurationList = 75504ED61A64BEC4009FC6A9 /* Build configuration list for PBXNativeTarget "travis-ci-ios-sample" */;
			buildPhases = (
				75504EAF1A64BEC4009FC6A9 /* Sources */,
				75504EB01A64BEC4009FC6A9 /* Frameworks */,
				75504EB11A64BEC4009FC6A9 /* Resources */,
			);
			buildRules = (
			);
			dependencies = (
			);
			name = "travis-ci-ios-sample";
			productName = "travis-ci-ios-sample";
			productReference = 75504EB31A64BEC4009FC6A9 /* travis-ci-ios-sample.app */;
			productType = "com.apple.product-type.application";
		};
		75504ECB1A64BEC4009FC6A9 /* travis-ci-ios-sampleTests */ = {
			isa = PBXNativeTarget;
			buildConfigurationList = 75504ED91A64BEC4009FC6A9 /* Build configuration list for PBXNativeTarget "travis-ci-ios-sampleTests" */;
			buildPhases = (
				75504EC81A64BEC4009FC6A9 /* Sources */,
				75504EC91A64BEC4009FC6A9 /* Frameworks */,
				75504ECA1A64BEC4009FC6A9 /* Resources */,
			);
			buildRules = (
			);
			dependencies = (
				75504ECE1A64BEC4009FC6A9 /* PBXTargetDependency */,
			);
			name = "travis-ci-ios-sampleTests";
			productName = "travis-ci-ios-sampleTests";
			productReference = 75504ECC1A64BEC4009FC6A9 /* travis-ci-ios-sampleTests.xctest */;
			productType = "com.apple.product-type.bundle.unit-test";
		};
/* End PBXNativeTarget section */

/* Begin PBXProject section */
		75504EAB1A64BEC3009FC6A9 /* Project object */ = {
			isa = PBXProject;
			attributes = {
				LastUpgradeCheck = 0610;
				ORGANIZATIONNAME = "Hiroki Akiyama";
				TargetAttributes = {
					75504EB21A64BEC4009FC6A9 = {
						CreatedOnToolsVersion = 6.1;
					};
					75504ECB1A64BEC4009FC6A9 = {
						CreatedOnToolsVersion = 6.1;
						TestTargetID = 75504EB21A64BEC4009FC6A9;
					};
				};
			};
			buildConfigurationList = 75504EAE1A64BEC3009FC6A9 /* Build configuration list for PBXProject "travis-ci-ios-sample" */;
			compatibilityVersion = "Xcode 3.2";
			developmentRegion = English;
			hasScannedForEncodings = 0;
			knownRegions = (
				en,
				Base,
			);
			mainGroup = 75504EAA1A64BEC3009FC6A9;
			productRefGroup = 75504EB41A64BEC4009FC6A9 /* Products */;
			projectDirPath = "";
			projectRoot = "";
			targets = (
				75504EB21A64BEC4009FC6A9 /* travis-ci-ios-sample */,
				75504ECB1A64BEC4009FC6A9 /* travis-ci-ios-sampleTests */,
			);
		};
/* End PBXProject section */

/* Begin PBXResourcesBuildPhase section */
		75504EB11A64BEC4009FC6A9 /* Resources */ = {
			isa = PBXResourcesBuildPhase;
			buildActionMask = 2147483647;
			files = (
				75504EC21A64BEC4009FC6A9 /* Main.storyboard in Resources */,
				75504EC71A64BEC4009FC6A9 /* LaunchScreen.xib in Resources */,
				75504EC41A64BEC4009FC6A9 /* Images.xcassets in Resources */,
			);
			runOnlyForDeploymentPostprocessing = 0;
		};
		75504ECA1A64BEC4009FC6A9 /* Resources */ = {
			isa = PBXResourcesBuildPhase;
			buildActionMask = 2147483647;
			files = (
			);
			runOnlyForDeploymentPostprocessing = 0;
		};
/* End PBXResourcesBuildPhase section */

/* Begin PBXSourcesBuildPhase section */
		75504EAF1A64BEC4009FC6A9 /* Sources */ = {
			isa = PBXSourcesBuildPhase;
			buildActionMask = 2147483647;
			files = (
				75504EBF1A64BEC4009FC6A9 /* ViewController.m in Sources */,
				75504EBC1A64BEC4009FC6A9 /* AppDelegate.m in Sources */,
				75504EB91A64BEC4009FC6A9 /* main.m in Sources */,
			);
			runOnlyForDeploymentPostprocessing = 0;
		};
		75504EC81A64BEC4009FC6A9 /* Sources */ = {
			isa = PBXSourcesBuildPhase;
			buildActionMask = 2147483647;
			files = (
				75504ED31A64BEC4009FC6A9 /* travis_ci_ios_sampleTests.m in Sources */,
			);
			runOnlyForDeploymentPostprocessing = 0;
		};
/* End PBXSourcesBuildPhase section */

/* Begin PBXTargetDependency section */
		75504ECE1A64BEC4009FC6A9 /* PBXTargetDependency */ = {
			isa = PBXTargetDependency;
			target = 75504EB21A64BEC4009FC6A9 /* travis-ci-ios-sample */;
			targetProxy = 75504ECD1A64BEC4009FC6A9 /* PBXContainerItemProxy */;
		};
/* End PBXTargetDependency section */

/* Begin PBXVariantGroup section */
		75504EC01A64BEC4009FC6A9 /* Main.storyboard */ = {
			isa = PBXVariantGroup;
			children = (
				75504EC11A64BEC4009FC6A9 /* Base */,
			);
			name = Main.storyboard;
			sourceTree = "<group>";
		};
		75504EC51A64BEC4009FC6A9 /* LaunchScreen.xib */ = {
			isa = PBXVariantGroup;
			children = (
				75504EC61A64BEC4009FC6A9 /* Base */,
			);
			name = LaunchScreen.xib;
			sourceTree = "<group>";
		};
/* End PBXVariantGroup section */

/* Begin XCBuildConfiguration section */
		75504ED41A64BEC4009FC6A9 /* Debug */ = {
			isa = XCBuildConfiguration;
			buildSettings = {
				ALWAYS_SEARCH_USER_PATHS = NO;
				CLANG_CXX_LANGUAGE_STANDARD = "gnu++0x";
				CLANG_CXX_LIBRARY = "libc++";
				CLANG_ENABLE_MODULES = YES;
				CLANG_ENABLE_OBJC_ARC = YES;
				CLANG_WARN_BOOL_CONVERSION = YES;
				CLANG_WARN_CONSTANT_CONVERSION = YES;
				CLANG_WARN_DIRECT_OBJC_ISA_USAGE = YES_ERROR;
				CLANG_WARN_EMPTY_BODY = YES;
				CLANG_WARN_ENUM_CONVERSION = YES;
				CLANG_WARN_INT_CONVERSION = YES;
				CLANG_WARN_OBJC_ROOT_CLASS = YES_ERROR;
				CLANG_WARN_UNREACHABLE_CODE = YES;
				CLANG_WARN__DUPLICATE_METHOD_MATCH = YES;
				"CODE_SIGN_IDENTITY[sdk=iphoneos*]" = "iPhone Developer";
				COPY_PHASE_STRIP = NO;
				ENABLE_STRICT_OBJC_MSGSEND = YES;
				GCC_C_LANGUAGE_STANDARD = gnu99;
				GCC_DYNAMIC_NO_PIC = NO;
				GCC_OPTIMIZATION_LEVEL = 0;
				GCC_PREPROCESSOR_DEFINITIONS = (
					"DEBUG=1",
					"$(inherited)",
				);
				GCC_SYMBOLS_PRIVATE_EXTERN = NO;
				GCC_WARN_64_TO_32_BIT_CONVERSION = YES;
				GCC_WARN_ABOUT_RETURN_TYPE = YES_ERROR;
				GCC_WARN_UNDECLARED_SELECTOR = YES;
				GCC_WARN_UNINITIALIZED_AUTOS = YES_AGGRESSIVE;
				GCC_WARN_UNUSED_FUNCTION = YES;
				GCC_WARN_UNUSED_VARIABLE = YES;
				IPHONEOS_DEPLOYMENT_TARGET = 8.1;
				MTL_ENABLE_DEBUG_INFO = YES;
				ONLY_ACTIVE_ARCH = YES;
				SDKROOT = iphoneos;
			};
			name = Debug;
		};
		75504ED51A64BEC4009FC6A9 /* Release */ = {
			isa = XCBuildConfiguration;
			buildSettings = {
				ALWAYS_SEARCH_USER_PATHS = NO;
				CLANG_CXX_LANGUAGE_STANDARD = "gnu++0x";
				CLANG_CXX_LIBRARY = "libc++";
				CLANG_ENABLE_MODULES = YES;
				CLANG_ENABLE_OBJC_ARC = YES;
				CLANG_WARN_BOOL_CONVERSION = YES;
				CLANG_WARN_CONSTANT_CONVERSION = YES;
				CLANG_WARN_DIRECT_OBJC_ISA_USAGE = YES_ERROR;
				CLANG_WARN_EMPTY_BODY = YES;
				CLANG_WARN_ENUM_CONVERSION = YES;
				CLANG_WARN_INT_CONVERSION = YES;
				CLANG_WARN_OBJC_ROOT_CLASS = YES_ERROR;
				CLANG_WARN_UNREACHABLE_CODE = YES;
				CLANG_WARN__DUPLICATE_METHOD_MATCH = YES;
				"CODE_SIGN_IDENTITY[sdk=iphoneos*]" = "iPhone Developer";
				COPY_PHASE_STRIP = YES;
				ENABLE_NS_ASSERTIONS = NO;
				ENABLE_STRICT_OBJC_MSGSEND = YES;
				GCC_C_LANGUAGE_STANDARD = gnu99;
				GCC_WARN_64_TO_32_BIT_CONVERSION = YES;
				GCC_WARN_ABOUT_RETURN_TYPE = YES_ERROR;
				GCC_WARN_UNDECLARED_SELECTOR = YES;
				GCC_WARN_UNINITIALIZED_AUTOS = YES_AGGRESSIVE;
				GCC_WARN_UNUSED_FUNCTION = YES;
				GCC_WARN_UNUSED_VARIABLE = YES;
				IPHONEOS_DEPLOYMENT_TARGET = 8.1;
				MTL_ENABLE_DEBUG_INFO = NO;
				SDKROOT = iphoneos;
				VALIDATE_PRODUCT = YES;
			};
			name = Release;
		};
		75504ED71A64BEC4009FC6A9 /* Debug */ = {
			isa = XCBuildConfiguration;
			buildSettings = {
				ASSETCATALOG_COMPILER_APPICON_NAME = AppIcon;
				INFOPLIST_FILE = "travis-ci-ios-sample/Info.plist";
				LD_RUNPATH_SEARCH_PATHS = "$(inherited) @executable_path/Frameworks";
				PRODUCT_NAME = "$(TARGET_NAME)";
			};
			name = Debug;
		};
		75504ED81A64BEC4009FC6A9 /* Release */ = {
			isa = XCBuildConfiguration;
			buildSettings = {
				ASSETCATALOG_COMPILER_APPICON_NAME = AppIcon;
				INFOPLIST_FILE = "travis-ci-ios-sample/Info.plist";
				LD_RUNPATH_SEARCH_PATHS = "$(inherited) @executable_path/Frameworks";
				PRODUCT_NAME = "$(TARGET_NAME)";
			};
			name = Release;
		};
		75504EDA1A64BEC4009FC6A9 /* Debug */ = {
			isa = XCBuildConfiguration;
			buildSettings = {
				BUNDLE_LOADER = "$(TEST_HOST)";
				FRAMEWORK_SEARCH_PATHS = (
					"$(SDKROOT)/Developer/Library/Frameworks",
					"$(inherited)",
				);
				GCC_PREPROCESSOR_DEFINITIONS = (
					"DEBUG=1",
					"$(inherited)",
				);
				INFOPLIST_FILE = "travis-ci-ios-sampleTests/Info.plist";
				LD_RUNPATH_SEARCH_PATHS = "$(inherited) @executable_path/Frameworks @loader_path/Frameworks";
				PRODUCT_NAME = "$(TARGET_NAME)";
				TEST_HOST = "$(BUILT_PRODUCTS_DIR)/travis-ci-ios-sample.app/travis-ci-ios-sample";
			};
			name = Debug;
		};
		75504EDB1A64BEC4009FC6A9 /* Release */ = {
			isa = XCBuildConfiguration;
			buildSettings = {
				BUNDLE_LOADER = "$(TEST_HOST)";
				FRAMEWORK_SEARCH_PATHS = (
					"$(SDKROOT)/Developer/Library/Frameworks",
					"$(inherited)",
				);
				INFOPLIST_FILE = "travis-ci-ios-sampleTests/Info.plist";
				LD_RUNPATH_SEARCH_PATHS = "$(inherited) @executable_path/Frameworks @loader_path/Frameworks";
				PRODUCT_NAME = "$(TARGET_NAME)";
				TEST_HOST = "$(BUILT_PRODUCTS_DIR)/travis-ci-ios-sample.app/travis-ci-ios-sample";
			};
			name = Release;
		};
/* End XCBuildConfiguration section */

/* Begin XCConfigurationList section */
		75504EAE1A64BEC3009FC6A9 /* Build configuration list for PBXProject "travis-ci-ios-sample" */ = {
			isa = XCConfigurationList;
			buildConfigurations = (
				75504ED41A64BEC4009FC6A9 /* Debug */,
				75504ED51A64BEC4009FC6A9 /* Release */,
			);
			defaultConfigurationIsVisible = 0;
			defaultConfigurationName = Release;
		};
		75504ED61A64BEC4009FC6A9 /* Build configuration list for PBXNativeTarget "travis-ci-ios-sample" */ = {
			isa = XCConfigurationList;
			buildConfigurations = (
				75504ED71A64BEC4009FC6A9 /* Debug */,
				75504ED81A64BEC4009FC6A9 /* Release */,
			);
			defaultConfigurationIsVisible = 0;
		};
		75504ED91A64BEC4009FC6A9 /* Build configuration list for PBXNativeTarget "travis-ci-ios-sampleTests" */ = {
			isa = XCConfigurationList;
			buildConfigurations = (
				75504EDA1A64BEC4009FC6A9 /* Debug */,
				75504EDB1A64BEC4009FC6A9 /* Release */,
			);
			defaultConfigurationIsVisible = 0;
		};
/* End XCConfigurationList section */
	};
	rootObject = 75504EAB1A64BEC3009FC6A9 /* Project object */;
}
